<?xml version="1.0" encoding="utf-8"?>
<Project ToolsVersion="4.0" xmlns="http://schemas.microsoft.com/developer/msbuild/2003">
  <ItemGroup>
    <Filter Include="Source Files">
      <UniqueIdentifier>{05836184-9b65-4d70-aa89-113c72940307}</UniqueIdentifier>
      <Extensions>cpp;c;cxx;rc;def;r;odl;idl;hpj;bat</Extensions>
    </Filter>
    <Filter Include="Header Files">
      <UniqueIdentifier>{424dc85c-c14c-4bfe-8a5d-c9b74219fb20}</UniqueIdentifier>
      <Extensions>h;hpp;hxx;hm;inl</Extensions>
    </Filter>
    <Filter Include="Resource Files">
      <UniqueIdentifier>{4b1e1bb1-329d-4188-8c7b-d0cd95441958}</UniqueIdentifier>
      <Extensions>ico;cur;bmp;dlg;rc2;rct;bin;rgs;gif;jpg;jpeg;jpe</Extensions>
    </Filter>
  </ItemGroup>
  <ItemGroup>
    <ClCompile Include="Arc_Thinning.cpp">
      <Filter>Source Files</Filter>
    </ClCompile>
    <ClCompile Include="Cluster.cpp">
      <Filter>Source Files</Filter>
    </ClCompile>
    <ClCompile Include="ColorSelectionDialog.cpp">
      <Filter>Source Files</Filter>
    </ClCompile>
    <ClCompile Include="Display.cpp">
      <Filter>Source Files</Filter>
    </ClCompile>
    <ClCompile Include="DisplayDoc.cpp">
      <Filter>Source Files</Filter>
    </ClCompile>
    <ClCompile Include="EigenSystem.cpp">
      <Filter>Source Files</Filter>
    </ClCompile>
    <ClCompile Include="Final_Thinning.cpp">
      <Filter>Source Files</Filter>
    </ClCompile>
    <ClCompile Include="Final_Type.cpp">
      <Filter>Source Files</Filter>
    </ClCompile>
    <ClCompile Include="FormCommandView1.cpp">
      <Filter>Source Files</Filter>
    </ClCompile>
    <ClCompile Include="GLEnableView.cpp">
      <Filter>Source Files</Filter>
    </ClCompile>
    <ClCompile Include="Initial_Type.cpp">
      <Filter>Source Files</Filter>
    </ClCompile>
    <ClCompile Include="MainFrm.cpp">
      <Filter>Source Files</Filter>
    </ClCompile>
    <ClCompile Include="MorphDialog.cpp">
      <Filter>Source Files</Filter>
    </ClCompile>
    <ClCompile Include="Primary_Thinning.cpp">
      <Filter>Source Files</Filter>
    </ClCompile>
    <ClCompile Include="Recover.cpp">
      <Filter>Source Files</Filter>
    </ClCompile>
    <ClCompile Include="ResolutionDialog.cpp">
      <Filter>Source Files</Filter>
    </ClCompile>
    <ClCompile Include="Shape_Point.cpp">
      <Filter>Source Files</Filter>
    </ClCompile>
    <ClCompile Include="Simple_Point.cpp">
      <Filter>Source Files</Filter>
    </ClCompile>
    <ClCompile Include="StdAfx.cpp">
      <Filter>Source Files</Filter>
    </ClCompile>
    <ClCompile Include="TestGLView.cpp">
      <Filter>Source Files</Filter>
    </ClCompile>
    <ClCompile Include="TrabeculaeDialog.cpp">
      <Filter>Source Files</Filter>
    </ClCompile>
  </ItemGroup>
  <ItemGroup>
    <ResourceCompile Include="Display.rc">
      <Filter>Source Files</Filter>
    </ResourceCompile>
  </ItemGroup>
  <ItemGroup>
    <ClInclude Include="Arc_Thinning.h">
      <Filter>Header Files</Filter>
    </ClInclude>
    <ClInclude Include="Cluster.h">
      <Filter>Header Files</Filter>
    </ClInclude>
    <ClInclude Include="ColorSelectionDialog.h">
      <Filter>Header Files</Filter>
    </ClInclude>
    <ClInclude Include="Display.h">
      <Filter>Header Files</Filter>
    </ClInclude>
    <ClInclude Include="DisplayDoc.h">
      <Filter>Header Files</Filter>
    </ClInclude>
    <ClInclude Include="EigenSystem.h">
      <Filter>Header Files</Filter>
    </ClInclude>
    <ClInclude Include="Final_Thinning.h">
      <Filter>Header Files</Filter>
    </ClInclude>
    <ClInclude Include="Final_Type.h">
      <Filter>Header Files</Filter>
    </ClInclude>
    <ClInclude Include="FormCommandView1.h">
      <Filter>Header Files</Filter>
    </ClInclude>
    <ClInclude Include="GLEnableView.h">
      <Filter>Header Files</Filter>
    </ClInclude>
    <ClInclude Include="Initial_Type.h">
      <Filter>Header Files</Filter>
    </ClInclude>
    <ClInclude Include="MainFrm.h">
      <Filter>Header Files</Filter>
    </ClInclude>
    <ClInclude Include="MorphDialog.h">
      <Filter>Header Files</Filter>
    </ClInclude>
    <ClInclude Include="Primary_Thinning.h">
      <Filter>Header Files</Filter>
    </ClInclude>
    <ClInclude Include="Recover.h">
      <Filter>Header Files</Filter>
    </ClInclude>
    <ClInclude Include="ResolutionDialog.h">
      <Filter>Header Files</Filter>
    </ClInclude>
    <ClInclude Include="Resource.h">
      <Filter>Header Files</Filter>
    </ClInclude>
    <ClInclude Include="Shape_Point.h">
      <Filter>Header Files</Filter>
    </ClInclude>
    <ClInclude Include="Simple_Point.h">
      <Filter>Header Files</Filter>
    </ClInclude>
    <ClInclude Include="StdAfx.h">
      <Filter>Header Files</Filter>
    </ClInclude>
    <ClInclude Include="TestGLView.h">
      <Filter>Header Files</Filter>
    </ClInclude>
    <ClInclude Include="TrabeculaeDialog.h">
      <Filter>Header Files</Filter>
    </ClInclude>
  </ItemGroup>
  <ItemGroup>
    <CustomBuild Include="res\Display.ico">
      <Filter>Resource Files</Filter>
    </CustomBuild>
    <CustomBuild Include="res\Display.rc2">
      <Filter>Resource Files</Filter>
    </CustomBuild>
    <CustomBuild Include="res\DisplayDoc.ico">
      <Filter>Resource Files</Filter>
    </CustomBuild>
    <CustomBuild Include="res\Toolbar.bmp">
      <Filter>Resource Files</Filter>
    </CustomBuild>
    <CustomBuild Include="ReadMe.txt" />
  </ItemGroup>
</Project>